
Microsoft Visual Studio Solution File, Format Version 12.00
Project("{FAE04EC0-301F-11D3-BF4B-00C04F79EFBC}") = "pngtool", "pngtool\pngtool.csproj", "{CBEF8941-3E83-4F3A-BD57-98CBB04FFBBE}"
EndProject
Global
	GlobalSection(SolutionConfigurationPlatforms) = preSolution
		Debug|Any CPU = Debug|Any CPU
		Release|Any CPU = Release|Any CPU
	EndGlobalSection
	GlobalSection(ProjectConfigurationPlatforms) = postSolution
		{CBEF8941-3E83-4F3A-BD57-98CBB04FFBBE}.Debug|Any CPU.ActiveCfg = Debug|Any CPU
		{CBEF8941-3E83-4F3A-BD57-98CBB04FFBBE}.Debug|Any CPU.Build.0 = Debug|Any CPU
		{CBEF8941-3E83-4F3A-BD57-98CBB04FFBBE}.Release|Any CPU.ActiveCfg = Release|Any CPU
		{CBEF8941-3E83-4F3A-BD57-98CBB04FFBBE}.Release|Any CPU.Build.0 = Release|Any CPU
	EndGlobalSection
EndGlobal
